// !$*UTF8*$!
{
	archiveVersion = 1;
	classes = {
	};
	objectVersion = 56;
	objects = {

/* Begin PBXBuildFile section */
		023870B12B34DFDF00B05724 /* CookacademyApp.swift in Sources */ = {isa = PBXBuildFile; fileRef = 023870B02B34DFDF00B05724 /* CookacademyApp.swift */; };
		023870B32B34DFDF00B05724 /* RecipesListView.swift in Sources */ = {isa = PBXBuildFile; fileRef = 023870B22B34DFDF00B05724 /* RecipesListView.swift */; };
		023870B52B34DFE000B05724 /* Assets.xcassets in Resources */ = {isa = PBXBuildFile; fileRef = 023870B42B34DFE000B05724 /* Assets.xcassets */; };
		023870B92B34DFE000B05724 /* Preview Assets.xcassets in Resources */ = {isa = PBXBuildFile; fileRef = 023870B82B34DFE000B05724 /* Preview Assets.xcassets */; };
		023870C02B34E0A900B05724 /* Recipe.swift in Sources */ = {isa = PBXBuildFile; fileRef = 023870BF2B34E0A900B05724 /* Recipe.swift */; };
		023870C72B34E9E700B05724 /* AllRecipes.swift in Sources */ = {isa = PBXBuildFile; fileRef = 023870C62B34E9E700B05724 /* AllRecipes.swift */; };
		026004F82B44333E008CD7E9 /* MainTabView.swift in Sources */ = {isa = PBXBuildFile; fileRef = 026004F72B44333E008CD7E9 /* MainTabView.swift */; };
		026004FA2B4445BB008CD7E9 /* SettingsView.swift in Sources */ = {isa = PBXBuildFile; fileRef = 026004F92B4445BB008CD7E9 /* SettingsView.swift */; };
		02B0BD532B35C23A00A7AB28 /* RecipeData.swift in Sources */ = {isa = PBXBuildFile; fileRef = 02B0BD522B35C23A00A7AB28 /* RecipeData.swift */; };
		02B0BD552B35C59200A7AB28 /* RecipeDetailView.swift in Sources */ = {isa = PBXBuildFile; fileRef = 02B0BD542B35C59200A7AB28 /* RecipeDetailView.swift */; };
		02B0BD572B35CFFB00A7AB28 /* AppColor.swift in Sources */ = {isa = PBXBuildFile; fileRef = 02B0BD562B35CFFB00A7AB28 /* AppColor.swift */; };
		02B0BD592B35EB2700A7AB28 /* RecipeCategoryGridView.swift in Sources */ = {isa = PBXBuildFile; fileRef = 02B0BD582B35EB2700A7AB28 /* RecipeCategoryGridView.swift */; };
		02B0BD5D2B36012C00A7AB28 /* ModifyRecipeView.swift in Sources */ = {isa = PBXBuildFile; fileRef = 02B0BD5C2B36012C00A7AB28 /* ModifyRecipeView.swift */; };
		02B0BD7A2B3B929300A7AB28 /* ModifyMainInformationView.swift in Sources */ = {isa = PBXBuildFile; fileRef = 02B0BD792B3B929300A7AB28 /* ModifyMainInformationView.swift */; };
		02B0BD7C2B3EF7F500A7AB28 /* ModifyIngredientView.swift in Sources */ = {isa = PBXBuildFile; fileRef = 02B0BD7B2B3EF7F500A7AB28 /* ModifyIngredientView.swift */; };
		02B0BD7E2B3EFB1A00A7AB28 /* ModifyComponentsView.swift in Sources */ = {isa = PBXBuildFile; fileRef = 02B0BD7D2B3EFB1A00A7AB28 /* ModifyComponentsView.swift */; };
		02B0BD802B3F059500A7AB28 /* ModifyDirectionView.swift in Sources */ = {isa = PBXBuildFile; fileRef = 02B0BD7F2B3F059500A7AB28 /* ModifyDirectionView.swift */; };
/* End PBXBuildFile section */

/* Begin PBXFileReference section */
		023870AD2B34DFDF00B05724 /* Cookacademy.app */ = {isa = PBXFileReference; explicitFileType = wrapper.application; includeInIndex = 0; path = Cookacademy.app; sourceTree = BUILT_PRODUCTS_DIR; };
		023870B02B34DFDF00B05724 /* CookacademyApp.swift */ = {isa = PBXFileReference; lastKnownFileType = sourcecode.swift; path = CookacademyApp.swift; sourceTree = "<group>"; };
		023870B22B34DFDF00B05724 /* RecipesListView.swift */ = {isa = PBXFileReference; lastKnownFileType = sourcecode.swift; path = RecipesListView.swift; sourceTree = "<group>"; };
		023870B42B34DFE000B05724 /* Assets.xcassets */ = {isa = PBXFileReference; lastKnownFileType = folder.assetcatalog; path = Assets.xcassets; sourceTree = "<group>"; };
		023870B62B34DFE000B05724 /* Cookacademy.entitlements */ = {isa = PBXFileReference; lastKnownFileType = text.plist.entitlements; path = Cookacademy.entitlements; sourceTree = "<group>"; };
		023870B82B34DFE000B05724 /* Preview Assets.xcassets */ = {isa = PBXFileReference; lastKnownFileType = folder.assetcatalog; path = "Preview Assets.xcassets"; sourceTree = "<group>"; };
		023870BF2B34E0A900B05724 /* Recipe.swift */ = {isa = PBXFileReference; lastKnownFileType = sourcecode.swift; path = Recipe.swift; sourceTree = "<group>"; };
		023870C62B34E9E700B05724 /* AllRecipes.swift */ = {isa = PBXFileReference; lastKnownFileType = sourcecode.swift; path = AllRecipes.swift; sourceTree = "<group>"; };
		026004F72B44333E008CD7E9 /* MainTabView.swift */ = {isa = PBXFileReference; lastKnownFileType = sourcecode.swift; path = MainTabView.swift; sourceTree = "<group>"; };
		026004F92B4445BB008CD7E9 /* SettingsView.swift */ = {isa = PBXFileReference; lastKnownFileType = sourcecode.swift; path = SettingsView.swift; sourceTree = "<group>"; };
		02B0BD522B35C23A00A7AB28 /* RecipeData.swift */ = {isa = PBXFileReference; lastKnownFileType = sourcecode.swift; path = RecipeData.swift; sourceTree = "<group>"; };
		02B0BD542B35C59200A7AB28 /* RecipeDetailView.swift */ = {isa = PBXFileReference; lastKnownFileType = sourcecode.swift; path = RecipeDetailView.swift; sourceTree = "<group>"; };
		02B0BD562B35CFFB00A7AB28 /* AppColor.swift */ = {isa = PBXFileReference; lastKnownFileType = sourcecode.swift; path = AppColor.swift; sourceTree = "<group>"; };
		02B0BD582B35EB2700A7AB28 /* RecipeCategoryGridView.swift */ = {isa = PBXFileReference; lastKnownFileType = sourcecode.swift; path = RecipeCategoryGridView.swift; sourceTree = "<group>"; };
		02B0BD5C2B36012C00A7AB28 /* ModifyRecipeView.swift */ = {isa = PBXFileReference; lastKnownFileType = sourcecode.swift; path = ModifyRecipeView.swift; sourceTree = "<group>"; };
		02B0BD792B3B929300A7AB28 /* ModifyMainInformationView.swift */ = {isa = PBXFileReference; lastKnownFileType = sourcecode.swift; path = ModifyMainInformationView.swift; sourceTree = "<group>"; };
		02B0BD7B2B3EF7F500A7AB28 /* ModifyIngredientView.swift */ = {isa = PBXFileReference; lastKnownFileType = sourcecode.swift; path = ModifyIngredientView.swift; sourceTree = "<group>"; };
		02B0BD7D2B3EFB1A00A7AB28 /* ModifyComponentsView.swift */ = {isa = PBXFileReference; lastKnownFileType = sourcecode.swift; path = ModifyComponentsView.swift; sourceTree = "<group>"; };
		02B0BD7F2B3F059500A7AB28 /* ModifyDirectionView.swift */ = {isa = PBXFileReference; lastKnownFileType = sourcecode.swift; path = ModifyDirectionView.swift; sourceTree = "<group>"; };
/* End PBXFileReference section */

/* Begin PBXFrameworksBuildPhase section */
		023870AA2B34DFDF00B05724 /* Frameworks */ = {
			isa = PBXFrameworksBuildPhase;
			buildActionMask = 2147483647;
			files = (
			);
			runOnlyForDeploymentPostprocessing = 0;
		};
/* End PBXFrameworksBuildPhase section */

/* Begin PBXGroup section */
		023870A42B34DFDF00B05724 = {
			isa = PBXGroup;
			children = (
				023870AF2B34DFDF00B05724 /* Cookacademy */,
				023870AE2B34DFDF00B05724 /* Products */,
			);
			sourceTree = "<group>";
		};
		023870AE2B34DFDF00B05724 /* Products */ = {
			isa = PBXGroup;
			children = (
				023870AD2B34DFDF00B05724 /* Cookacademy.app */,
			);
			name = Products;
			sourceTree = "<group>";
		};
		023870AF2B34DFDF00B05724 /* Cookacademy */ = {
			isa = PBXGroup;
			children = (
				023870B02B34DFDF00B05724 /* CookacademyApp.swift */,
				023870C22B34E97600B05724 /* Models */,
				023870C12B34E96700B05724 /* Views */,
				023870C42B34E98C00B05724 /* ViewModels */,
				023870C52B34E9CE00B05724 /* Utils */,
				023870B42B34DFE000B05724 /* Assets.xcassets */,
				023870B62B34DFE000B05724 /* Cookacademy.entitlements */,
				023870B72B34DFE000B05724 /* Preview Content */,
			);
			path = Cookacademy;
			sourceTree = "<group>";
		};
		023870B72B34DFE000B05724 /* Preview Content */ = {
			isa = PBXGroup;
			children = (
				023870B82B34DFE000B05724 /* Preview Assets.xcassets */,
			);
			path = "Preview Content";
			sourceTree = "<group>";
		};
		023870C12B34E96700B05724 /* Views */ = {
			isa = PBXGroup;
			children = (
				026004F72B44333E008CD7E9 /* MainTabView.swift */,
				026004F92B4445BB008CD7E9 /* SettingsView.swift */,
				02B0BD5A2B3600D500A7AB28 /* ExploreRecipes */,
				02B0BD5B2B36010300A7AB28 /* ModifyRecipes */,
			);
			path = Views;
			sourceTree = "<group>";
		};
		023870C22B34E97600B05724 /* Models */ = {
			isa = PBXGroup;
			children = (
				023870BF2B34E0A900B05724 /* Recipe.swift */,
			);
			path = Models;
			sourceTree = "<group>";
		};
		023870C42B34E98C00B05724 /* ViewModels */ = {
			isa = PBXGroup;
			children = (
				02B0BD522B35C23A00A7AB28 /* RecipeData.swift */,
			);
			path = ViewModels;
			sourceTree = "<group>";
		};
		023870C52B34E9CE00B05724 /* Utils */ = {
			isa = PBXGroup;
			children = (
				023870C62B34E9E700B05724 /* AllRecipes.swift */,
				02B0BD562B35CFFB00A7AB28 /* AppColor.swift */,
			);
			path = Utils;
			sourceTree = "<group>";
		};
		02B0BD5A2B3600D500A7AB28 /* ExploreRecipes */ = {
			isa = PBXGroup;
			children = (
				02B0BD582B35EB2700A7AB28 /* RecipeCategoryGridView.swift */,
				023870B22B34DFDF00B05724 /* RecipesListView.swift */,
				02B0BD542B35C59200A7AB28 /* RecipeDetailView.swift */,
			);
			path = ExploreRecipes;
			sourceTree = "<group>";
		};
		02B0BD5B2B36010300A7AB28 /* ModifyRecipes */ = {
			isa = PBXGroup;
			children = (
				02B0BD5C2B36012C00A7AB28 /* ModifyRecipeView.swift */,
				02B0BD7D2B3EFB1A00A7AB28 /* ModifyComponentsView.swift */,
				02B0BD7B2B3EF7F500A7AB28 /* ModifyIngredientView.swift */,
				02B0BD7F2B3F059500A7AB28 /* ModifyDirectionView.swift */,
				02B0BD792B3B929300A7AB28 /* ModifyMainInformationView.swift */,
			);
			path = ModifyRecipes;
			sourceTree = "<group>";
		};
/* End PBXGroup section */

/* Begin PBXNativeTarget section */
		023870AC2B34DFDF00B05724 /* Cookacademy */ = {
			isa = PBXNativeTarget;
			buildConfigurationList = 023870BC2B34DFE000B05724 /* Build configuration list for PBXNativeTarget "Cookacademy" */;
			buildPhases = (
				023870A92B34DFDF00B05724 /* Sources */,
				023870AA2B34DFDF00B05724 /* Frameworks */,
				023870AB2B34DFDF00B05724 /* Resources */,
			);
			buildRules = (
			);
			dependencies = (
			);
			name = Cookacademy;
			productName = Cookacademy;
			productReference = 023870AD2B34DFDF00B05724 /* Cookacademy.app */;
			productType = "com.apple.product-type.application";
		};
/* End PBXNativeTarget section */

/* Begin PBXProject section */
		023870A52B34DFDF00B05724 /* Project object */ = {
			isa = PBXProject;
			attributes = {
				BuildIndependentTargetsInParallel = 1;
				LastSwiftUpdateCheck = 1500;
				LastUpgradeCheck = 1500;
				TargetAttributes = {
					023870AC2B34DFDF00B05724 = {
						CreatedOnToolsVersion = 15.0.1;
					};
				};
			};
			buildConfigurationList = 023870A82B34DFDF00B05724 /* Build configuration list for PBXProject "Cookacademy" */;
			compatibilityVersion = "Xcode 14.0";
			developmentRegion = en;
			hasScannedForEncodings = 0;
			knownRegions = (
				en,
				Base,
			);
			mainGroup = 023870A42B34DFDF00B05724;
			productRefGroup = 023870AE2B34DFDF00B05724 /* Products */;
			projectDirPath = "";
			projectRoot = "";
			targets = (
				023870AC2B34DFDF00B05724 /* Cookacademy */,
			);
		};
/* End PBXProject section */

/* Begin PBXResourcesBuildPhase section */
		023870AB2B34DFDF00B05724 /* Resources */ = {
			isa = PBXResourcesBuildPhase;
			buildActionMask = 2147483647;
			files = (
				023870B92B34DFE000B05724 /* Preview Assets.xcassets in Resources */,
				023870B52B34DFE000B05724 /* Assets.xcassets in Resources */,
			);
			runOnlyForDeploymentPostprocessing = 0;
		};
/* End PBXResourcesBuildPhase section */

/* Begin PBXSourcesBuildPhase section */
		023870A92B34DFDF00B05724 /* Sources */ = {
			isa = PBXSourcesBuildPhase;
			buildActionMask = 2147483647;
			files = (
				026004FA2B4445BB008CD7E9 /* SettingsView.swift in Sources */,
				023870C02B34E0A900B05724 /* Recipe.swift in Sources */,
				02B0BD552B35C59200A7AB28 /* RecipeDetailView.swift in Sources */,
				02B0BD7A2B3B929300A7AB28 /* ModifyMainInformationView.swift in Sources */,
				023870B32B34DFDF00B05724 /* RecipesListView.swift in Sources */,
				02B0BD572B35CFFB00A7AB28 /* AppColor.swift in Sources */,
				02B0BD7E2B3EFB1A00A7AB28 /* ModifyComponentsView.swift in Sources */,
				02B0BD7C2B3EF7F500A7AB28 /* ModifyIngredientView.swift in Sources */,
				02B0BD5D2B36012C00A7AB28 /* ModifyRecipeView.swift in Sources */,
				02B0BD532B35C23A00A7AB28 /* RecipeData.swift in Sources */,
				023870B12B34DFDF00B05724 /* CookacademyApp.swift in Sources */,
				02B0BD802B3F059500A7AB28 /* ModifyDirectionView.swift in Sources */,
				026004F82B44333E008CD7E9 /* MainTabView.swift in Sources */,
				02B0BD592B35EB2700A7AB28 /* RecipeCategoryGridView.swift in Sources */,
				023870C72B34E9E700B05724 /* AllRecipes.swift in Sources */,
			);
			runOnlyForDeploymentPostprocessing = 0;
		};
/* End PBXSourcesBuildPhase section */

/* Begin XCBuildConfiguration section */
		023870BA2B34DFE000B05724 /* Debug */ = {
			isa = XCBuildConfiguration;
			buildSettings = {
				ALWAYS_SEARCH_USER_PATHS = NO;
				ASSETCATALOG_COMPILER_GENERATE_SWIFT_ASSET_SYMBOL_EXTENSIONS = YES;
				CLANG_ANALYZER_NONNULL = YES;
				CLANG_ANALYZER_NUMBER_OBJECT_CONVERSION = YES_AGGRESSIVE;
				CLANG_CXX_LANGUAGE_STANDARD = "gnu++20";
				CLANG_ENABLE_MODULES = YES;
				CLANG_ENABLE_OBJC_ARC = YES;
				CLANG_ENABLE_OBJC_WEAK = YES;
				CLANG_WARN_BLOCK_CAPTURE_AUTORELEASING = YES;
				CLANG_WARN_BOOL_CONVERSION = YES;
				CLANG_WARN_COMMA = YES;
				CLANG_WARN_CONSTANT_CONVERSION = YES;
				CLANG_WARN_DEPRECATED_OBJC_IMPLEMENTATIONS = YES;
				CLANG_WARN_DIRECT_OBJC_ISA_USAGE = YES_ERROR;
				CLANG_WARN_DOCUMENTATION_COMMENTS = YES;
				CLANG_WARN_EMPTY_BODY = YES;
				CLANG_WARN_ENUM_CONVERSION = YES;
				CLANG_WARN_INFINITE_RECURSION = YES;
				CLANG_WARN_INT_CONVERSION = YES;
				CLANG_WARN_NON_LITERAL_NULL_CONVERSION = YES;
				CLANG_WARN_OBJC_IMPLICIT_RETAIN_SELF = YES;
				CLANG_WARN_OBJC_LITERAL_CONVERSION = YES;
				CLANG_WARN_OBJC_ROOT_CLASS = YES_ERROR;
				CLANG_WARN_QUOTED_INCLUDE_IN_FRAMEWORK_HEADER = YES;
				CLANG_WARN_RANGE_LOOP_ANALYSIS = YES;
				CLANG_WARN_STRICT_PROTOTYPES = YES;
				CLANG_WARN_SUSPICIOUS_MOVE = YES;
				CLANG_WARN_UNGUARDED_AVAILABILITY = YES_AGGRESSIVE;
				CLANG_WARN_UNREACHABLE_CODE = YES;
				CLANG_WARN__DUPLICATE_METHOD_MATCH = YES;
				COPY_PHASE_STRIP = NO;
				DEBUG_INFORMATION_FORMAT = dwarf;
				ENABLE_STRICT_OBJC_MSGSEND = YES;
				ENABLE_TESTABILITY = YES;
				ENABLE_USER_SCRIPT_SANDBOXING = YES;
				GCC_C_LANGUAGE_STANDARD = gnu17;
				GCC_DYNAMIC_NO_PIC = NO;
				GCC_NO_COMMON_BLOCKS = YES;
				GCC_OPTIMIZATION_LEVEL = 0;
				GCC_PREPROCESSOR_DEFINITIONS = (
					"DEBUG=1",
					"$(inherited)",
				);
				GCC_WARN_64_TO_32_BIT_CONVERSION = YES;
				GCC_WARN_ABOUT_RETURN_TYPE = YES_ERROR;
				GCC_WARN_UNDECLARED_SELECTOR = YES;
				GCC_WARN_UNINITIALIZED_AUTOS = YES_AGGRESSIVE;
				GCC_WARN_UNUSED_FUNCTION = YES;
				GCC_WARN_UNUSED_VARIABLE = YES;
				IPHONEOS_DEPLOYMENT_TARGET = 14.4;
				LOCALIZATION_PREFERS_STRING_CATALOGS = YES;
				MTL_ENABLE_DEBUG_INFO = INCLUDE_SOURCE;
				MTL_FAST_MATH = YES;
				ONLY_ACTIVE_ARCH = YES;
				SWIFT_ACTIVE_COMPILATION_CONDITIONS = "DEBUG $(inherited)";
				SWIFT_OPTIMIZATION_LEVEL = "-Onone";
			};
			name = Debug;
		};
		023870BB2B34DFE000B05724 /* Release */ = {
			isa = XCBuildConfiguration;
			buildSettings = {
				ALWAYS_SEARCH_USER_PATHS = NO;
				ASSETCATALOG_COMPILER_GENERATE_SWIFT_ASSET_SYMBOL_EXTENSIONS = YES;
				CLANG_ANALYZER_NONNULL = YES;
				CLANG_ANALYZER_NUMBER_OBJECT_CONVERSION = YES_AGGRESSIVE;
				CLANG_CXX_LANGUAGE_STANDARD = "gnu++20";
				CLANG_ENABLE_MODULES = YES;
				CLANG_ENABLE_OBJC_ARC = YES;
				CLANG_ENABLE_OBJC_WEAK = YES;
				CLANG_WARN_BLOCK_CAPTURE_AUTORELEASING = YES;
				CLANG_WARN_BOOL_CONVERSION = YES;
				CLANG_WARN_COMMA = YES;
				CLANG_WARN_CONSTANT_CONVERSION = YES;
				CLANG_WARN_DEPRECATED_OBJC_IMPLEMENTATIONS = YES;
				CLANG_WARN_DIRECT_OBJC_ISA_USAGE = YES_ERROR;
				CLANG_WARN_DOCUMENTATION_COMMENTS = YES;
				CLANG_WARN_EMPTY_BODY = YES;
				CLANG_WARN_ENUM_CONVERSION = YES;
				CLANG_WARN_INFINITE_RECURSION = YES;
				CLANG_WARN_INT_CONVERSION = YES;
				CLANG_WARN_NON_LITERAL_NULL_CONVERSION = YES;
				CLANG_WARN_OBJC_IMPLICIT_RETAIN_SELF = YES;
				CLANG_WARN_OBJC_LITERAL_CONVERSION = YES;
				CLANG_WARN_OBJC_ROOT_CLASS = YES_ERROR;
				CLANG_WARN_QUOTED_INCLUDE_IN_FRAMEWORK_HEADER = YES;
				CLANG_WARN_RANGE_LOOP_ANALYSIS = YES;
				CLANG_WARN_STRICT_PROTOTYPES = YES;
				CLANG_WARN_SUSPICIOUS_MOVE = YES;
				CLANG_WARN_UNGUARDED_AVAILABILITY = YES_AGGRESSIVE;
				CLANG_WARN_UNREACHABLE_CODE = YES;
				CLANG_WARN__DUPLICATE_METHOD_MATCH = YES;
				COPY_PHASE_STRIP = NO;
				DEBUG_INFORMATION_FORMAT = "dwarf-with-dsym";
				ENABLE_NS_ASSERTIONS = NO;
				ENABLE_STRICT_OBJC_MSGSEND = YES;
				ENABLE_USER_SCRIPT_SANDBOXING = YES;
				GCC_C_LANGUAGE_STANDARD = gnu17;
				GCC_NO_COMMON_BLOCKS = YES;
				GCC_WARN_64_TO_32_BIT_CONVERSION = YES;
				GCC_WARN_ABOUT_RETURN_TYPE = YES_ERROR;
				GCC_WARN_UNDECLARED_SELECTOR = YES;
				GCC_WARN_UNINITIALIZED_AUTOS = YES_AGGRESSIVE;
				GCC_WARN_UNUSED_FUNCTION = YES;
				GCC_WARN_UNUSED_VARIABLE = YES;
				IPHONEOS_DEPLOYMENT_TARGET = 14.4;
				LOCALIZATION_PREFERS_STRING_CATALOGS = YES;
				MTL_ENABLE_DEBUG_INFO = NO;
				MTL_FAST_MATH = YES;
				SWIFT_COMPILATION_MODE = wholemodule;
			};
			name = Release;
		};
		023870BD2B34DFE000B05724 /* Debug */ = {
			isa = XCBuildConfiguration;
			buildSettings = {
				ASSETCATALOG_COMPILER_APPICON_NAME = AppIcon;
				ASSETCATALOG_COMPILER_GLOBAL_ACCENT_COLOR_NAME = AccentColor;
				CODE_SIGN_ENTITLEMENTS = Cookacademy/Cookacademy.entitlements;
				CODE_SIGN_STYLE = Automatic;
				CURRENT_PROJECT_VERSION = 1;
				DEVELOPMENT_ASSET_PATHS = "\"Cookacademy/Preview Content\"";
				DEVELOPMENT_TEAM = 56Q8G42J48;
				ENABLE_PREVIEWS = YES;
				GENERATE_INFOPLIST_FILE = YES;
				"INFOPLIST_KEY_UIApplicationSceneManifest_Generation[sdk=iphoneos*]" = YES;
				"INFOPLIST_KEY_UIApplicationSceneManifest_Generation[sdk=iphonesimulator*]" = YES;
				"INFOPLIST_KEY_UIApplicationSupportsIndirectInputEvents[sdk=iphoneos*]" = YES;
				"INFOPLIST_KEY_UIApplicationSupportsIndirectInputEvents[sdk=iphonesimulator*]" = YES;
				"INFOPLIST_KEY_UILaunchScreen_Generation[sdk=iphoneos*]" = YES;
				"INFOPLIST_KEY_UILaunchScreen_Generation[sdk=iphonesimulator*]" = YES;
				"INFOPLIST_KEY_UIStatusBarStyle[sdk=iphoneos*]" = UIStatusBarStyleDefault;
				"INFOPLIST_KEY_UIStatusBarStyle[sdk=iphonesimulator*]" = UIStatusBarStyleDefault;
				INFOPLIST_KEY_UISupportedInterfaceOrientations_iPad = "UIInterfaceOrientationPortrait UIInterfaceOrientationPortraitUpsideDown UIInterfaceOrientationLandscapeLeft UIInterfaceOrientationLandscapeRight";
				INFOPLIST_KEY_UISupportedInterfaceOrientations_iPhone = "UIInterfaceOrientationPortrait UIInterfaceOrientationLandscapeLeft UIInterfaceOrientationLandscapeRight";
				IPHONEOS_DEPLOYMENT_TARGET = 14.0;
				LD_RUNPATH_SEARCH_PATHS = "@executable_path/Frameworks";
				"LD_RUNPATH_SEARCH_PATHS[sdk=macosx*]" = "@executable_path/../Frameworks";
				MACOSX_DEPLOYMENT_TARGET = 14.0;
				MARKETING_VERSION = 1.0;
				PRODUCT_BUNDLE_IDENTIFIER = com.SchorkEnzo.Cookacademy;
				PRODUCT_NAME = "$(TARGET_NAME)";
				SDKROOT = auto;
				SUPPORTED_PLATFORMS = "iphoneos iphonesimulator macosx";
				SWIFT_EMIT_LOC_STRINGS = YES;
				SWIFT_VERSION = 5.0;
				TARGETED_DEVICE_FAMILY = "1,2";
			};
			name = Debug;
		};
		023870BE2B34DFE000B05724 /* Release */ = {
			isa = XCBuildConfiguration;
			buildSettings = {
				ASSETCATALOG_COMPILER_APPICON_NAME = AppIcon;
				ASSETCATALOG_COMPILER_GLOBAL_ACCENT_COLOR_NAME = AccentColor;
				CODE_SIGN_ENTITLEMENTS = Cookacademy/Cookacademy.entitlements;
				CODE_SIGN_STYLE = Automatic;
				CURRENT_PROJECT_VERSION = 1;
				DEVELOPMENT_ASSET_PATHS = "\"Cookacademy/Preview Content\"";
				DEVELOPMENT_TEAM = 56Q8G42J48;
				ENABLE_PREVIEWS = YES;
				GENERATE_INFOPLIST_FILE = YES;
				"INFOPLIST_KEY_UIApplicationSceneManifest_Generation[sdk=iphoneos*]" = YES;
				"INFOPLIST_KEY_UIApplicationSceneManifest_Generation[sdk=iphonesimulator*]" = YES;
				"INFOPLIST_KEY_UIApplicationSupportsIndirectInputEvents[sdk=iphoneos*]" = YES;
				"INFOPLIST_KEY_UIApplicationSupportsIndirectInputEvents[sdk=iphonesimulator*]" = YES;
				"INFOPLIST_KEY_UILaunchScreen_Generation[sdk=iphoneos*]" = YES;
				"INFOPLIST_KEY_UILaunchScreen_Generation[sdk=iphonesimulator*]" = YES;
				"INFOPLIST_KEY_UIStatusBarStyle[sdk=iphoneos*]" = UIStatusBarStyleDefault;
				"INFOPLIST_KEY_UIStatusBarStyle[sdk=iphonesimulator*]" = UIStatusBarStyleDefault;
				INFOPLIST_KEY_UISupportedInterfaceOrientations_iPad = "UIInterfaceOrientationPortrait UIInterfaceOrientationPortraitUpsideDown UIInterfaceOrientationLandscapeLeft UIInterfaceOrientationLandscapeRight";
				INFOPLIST_KEY_UISupportedInterfaceOrientations_iPhone = "UIInterfaceOrientationPortrait UIInterfaceOrientationLandscapeLeft UIInterfaceOrientationLandscapeRight";
				IPHONEOS_DEPLOYMENT_TARGET = 14.0;
				LD_RUNPATH_SEARCH_PATHS = "@executable_path/Frameworks";
				"LD_RUNPATH_SEARCH_PATHS[sdk=macosx*]" = "@executable_path/../Frameworks";
				MACOSX_DEPLOYMENT_TARGET = 14.0;
				MARKETING_VERSION = 1.0;
				PRODUCT_BUNDLE_IDENTIFIER = com.SchorkEnzo.Cookacademy;
				PRODUCT_NAME = "$(TARGET_NAME)";
				SDKROOT = auto;
				SUPPORTED_PLATFORMS = "iphoneos iphonesimulator macosx";
				SWIFT_EMIT_LOC_STRINGS = YES;
				SWIFT_VERSION = 5.0;
				TARGETED_DEVICE_FAMILY = "1,2";
			};
			name = Release;
		};
/* End XCBuildConfiguration section */

/* Begin XCConfigurationList section */
		023870A82B34DFDF00B05724 /* Build configuration list for PBXProject "Cookacademy" */ = {
			isa = XCConfigurationList;
			buildConfigurations = (
				023870BA2B34DFE000B05724 /* Debug */,
				023870BB2B34DFE000B05724 /* Release */,
			);
			defaultConfigurationIsVisible = 0;
			defaultConfigurationName = Release;
		};
		023870BC2B34DFE000B05724 /* Build configuration list for PBXNativeTarget "Cookacademy" */ = {
			isa = XCConfigurationList;
			buildConfigurations = (
				023870BD2B34DFE000B05724 /* Debug */,
				023870BE2B34DFE000B05724 /* Release */,
			);
			defaultConfigurationIsVisible = 0;
			defaultConfigurationName = Release;
		};
/* End XCConfigurationList section */
	};
	rootObject = 023870A52B34DFDF00B05724 /* Project object */;
}
